
Microsoft Visual Studio Solution File, Format Version 12.00
# Visual Studio Version 16
VisualStudioVersion = 16.0.31313.79
MinimumVisualStudioVersion = 10.0.40219.1
Project("{9A19103F-16F7-4668-BE54-9A1E7A4F7556}") = "RestaurantManager.Api", "RestaurantManager.Api\RestaurantManager.Api.csproj", "{D5696EE1-8ECD-462A-BC06-E8F5EF991CD2}"
EndProject
Project("{9A19103F-16F7-4668-BE54-9A1E7A4F7556}") = "RestaurantManager.Entities", "RestaurantManager.Entities\RestaurantManager.Entities.csproj", "{22EB2C41-654E-4E28-8966-6507396F2E42}"
EndProject
Project("{9A19103F-16F7-4668-BE54-9A1E7A4F7556}") = "RestaurantManager.Context", "RestaurantManager.Context\RestaurantManager.Context.csproj", "{4ABADC34-5862-4545-9A5E-6D4F6A393E2A}"
EndProject
Project("{9A19103F-16F7-4668-BE54-9A1E7A4F7556}") = "RestaurantManager.Infrastructure", "RestaurantManager.Infrastructure\RestaurantManager.Infrastructure.csproj", "{8F4F6223-722D-4DF1-956B-9AEB20110C26}"
EndProject
Project("{9A19103F-16F7-4668-BE54-9A1E7A4F7556}") = "RestaurantManager.Services", "RestaurantManager.Services\RestaurantManager.Services.csproj", "{B4F1CE94-7FF2-4345-80B7-16D3D6D0963F}"
EndProject
Project("{9A19103F-16F7-4668-BE54-9A1E7A4F7556}") = "RestaurantManager.Consts", "RestaurantManager.Consts\RestaurantManager.Consts.csproj", "{7F122BBD-8802-4247-AB48-ABD5971A94BE}"
EndProject
Project("{FAE04EC0-301F-11D3-BF4B-00C04F79EFBC}") = "RestaurantManager.Core", "RestaurantManager.Core\RestaurantManager.Core.csproj", "{35D4313A-62F7-4BCF-BFBA-681B80B0EDD8}"
EndProject
Global
	GlobalSection(SolutionConfigurationPlatforms) = preSolution
		Debug|Any CPU = Debug|Any CPU
		Release|Any CPU = Release|Any CPU
	EndGlobalSection
	GlobalSection(ProjectConfigurationPlatforms) = postSolution
		{D5696EE1-8ECD-462A-BC06-E8F5EF991CD2}.Debug|Any CPU.ActiveCfg = Debug|Any CPU
		{D5696EE1-8ECD-462A-BC06-E8F5EF991CD2}.Debug|Any CPU.Build.0 = Debug|Any CPU
		{D5696EE1-8ECD-462A-BC06-E8F5EF991CD2}.Release|Any CPU.ActiveCfg = Release|Any CPU
		{D5696EE1-8ECD-462A-BC06-E8F5EF991CD2}.Release|Any CPU.Build.0 = Release|Any CPU
		{22EB2C41-654E-4E28-8966-6507396F2E42}.Debug|Any CPU.ActiveCfg = Debug|Any CPU
		{22EB2C41-654E-4E28-8966-6507396F2E42}.Debug|Any CPU.Build.0 = Debug|Any CPU
		{22EB2C41-654E-4E28-8966-6507396F2E42}.Release|Any CPU.ActiveCfg = Release|Any CPU
		{22EB2C41-654E-4E28-8966-6507396F2E42}.Release|Any CPU.Build.0 = Release|Any CPU
		{4ABADC34-5862-4545-9A5E-6D4F6A393E2A}.Debug|Any CPU.ActiveCfg = Debug|Any CPU
		{4ABADC34-5862-4545-9A5E-6D4F6A393E2A}.Debug|Any CPU.Build.0 = Debug|Any CPU
		{4ABADC34-5862-4545-9A5E-6D4F6A393E2A}.Release|Any CPU.ActiveCfg = Release|Any CPU
		{4ABADC34-5862-4545-9A5E-6D4F6A393E2A}.Release|Any CPU.Build.0 = Release|Any CPU
		{8F4F6223-722D-4DF1-956B-9AEB20110C26}.Debug|Any CPU.ActiveCfg = Debug|Any CPU
		{8F4F6223-722D-4DF1-956B-9AEB20110C26}.Debug|Any CPU.Build.0 = Debug|Any CPU
		{8F4F6223-722D-4DF1-956B-9AEB20110C26}.Release|Any CPU.ActiveCfg = Release|Any CPU
		{8F4F6223-722D-4DF1-956B-9AEB20110C26}.Release|Any CPU.Build.0 = Release|Any CPU
		{B4F1CE94-7FF2-4345-80B7-16D3D6D0963F}.Debug|Any CPU.ActiveCfg = Debug|Any CPU
		{B4F1CE94-7FF2-4345-80B7-16D3D6D0963F}.Debug|Any CPU.Build.0 = Debug|Any CPU
		{B4F1CE94-7FF2-4345-80B7-16D3D6D0963F}.Release|Any CPU.ActiveCfg = Release|Any CPU
		{B4F1CE94-7FF2-4345-80B7-16D3D6D0963F}.Release|Any CPU.Build.0 = Release|Any CPU
		{7F122BBD-8802-4247-AB48-ABD5971A94BE}.Debug|Any CPU.ActiveCfg = Debug|Any CPU
		{7F122BBD-8802-4247-AB48-ABD5971A94BE}.Debug|Any CPU.Build.0 = Debug|Any CPU
		{7F122BBD-8802-4247-AB48-ABD5971A94BE}.Release|Any CPU.ActiveCfg = Release|Any CPU
		{7F122BBD-8802-4247-AB48-ABD5971A94BE}.Release|Any CPU.Build.0 = Release|Any CPU
		{35D4313A-62F7-4BCF-BFBA-681B80B0EDD8}.Debug|Any CPU.ActiveCfg = Debug|Any CPU
		{35D4313A-62F7-4BCF-BFBA-681B80B0EDD8}.Debug|Any CPU.Build.0 = Debug|Any CPU
		{35D4313A-62F7-4BCF-BFBA-681B80B0EDD8}.Release|Any CPU.ActiveCfg = Release|Any CPU
		{35D4313A-62F7-4BCF-BFBA-681B80B0EDD8}.Release|Any CPU.Build.0 = Release|Any CPU
	EndGlobalSection
	GlobalSection(SolutionProperties) = preSolution
		HideSolutionNode = FALSE
	EndGlobalSection
	GlobalSection(ExtensibilityGlobals) = postSolution
		SolutionGuid = {F1D29D59-43C8-4C21-B78A-DC74379418D4}
	EndGlobalSection
EndGlobal
